
Microsoft Visual Studio Solution File, Format Version 11.00
# Visual Studio 2010
Project("{FAE04EC0-301F-11D3-BF4B-00C04F79EFBC}") = "YfrogUploadPlugin", "YfrogUploadPlugin\YfrogUploadPlugin.csproj", "{650846EF-6508-4CC3-AD63-457F2D27833E}"
EndProject
Project("{2150E333-8FDC-42A3-9474-1A3956D46DE8}") = "Mystique", "Mystique", "{B302DC73-6CFF-499D-B335-175EF6F92752}"
EndProject
Project("{FAE04EC0-301F-11D3-BF4B-00C04F79EFBC}") = "Mystique", "Mystique\Mystique\Mystique.csproj", "{9E55F0C5-D9AE-46E7-86CD-32AAC79F7C69}"
EndProject
Project("{FAE04EC0-301F-11D3-BF4B-00C04F79EFBC}") = "Inscribe", "Mystique\Inscribe\Inscribe.csproj", "{FE3EC1D6-4A61-4E6D-915B-5EED8AE046D2}"
EndProject
Project("{FAE04EC0-301F-11D3-BF4B-00C04F79EFBC}") = "Nightmare", "Mystique\Nightmare\Nightmare.csproj", "{2E6A1FEF-EDC5-4588-99A0-A70EC237FB28}"
EndProject
Project("{FAE04EC0-301F-11D3-BF4B-00C04F79EFBC}") = "Acuerdo", "Mystique\Acuerdo\Acuerdo.csproj", "{B0E2A5B6-420C-4437-B995-9E31149078E6}"
EndProject
Project("{FAE04EC0-301F-11D3-BF4B-00C04F79EFBC}") = "Dulcet", "Mystique\Dulcet\Dulcet.csproj", "{8D33449B-0BD8-4873-B872-0E91FA7EBC4B}"
EndProject
Project("{2150E333-8FDC-42A3-9474-1A3956D46DE8}") = "Updates", "Updates", "{59B2919B-31D4-4C5E-AB80-A4A099DFDEE8}"
EndProject
Project("{FAE04EC0-301F-11D3-BF4B-00C04F79EFBC}") = "Vanille", "Mystique\Vanille\Vanille.csproj", "{20980141-A4C3-4094-899F-B20908222DD5}"
EndProject
Project("{FAE04EC0-301F-11D3-BF4B-00C04F79EFBC}") = "Rouge", "Mystique\Rouge\Rouge.csproj", "{C0D0C736-C3A2-4B3E-96FD-9AB53EEDFA91}"
EndProject
Project("{FAE04EC0-301F-11D3-BF4B-00C04F79EFBC}") = "Voices", "Mystique\Voices\Voices.csproj", "{B6342B77-3617-4BD8-A2AE-0E14EF0CFEC7}"
EndProject
Project("{FAE04EC0-301F-11D3-BF4B-00C04F79EFBC}") = "Casket", "Mystique\Casket\Casket.csproj", "{F30E23D4-02F5-4B99-958D-251B4E853BC9}"
EndProject
Project("{2150E333-8FDC-42A3-9474-1A3956D46DE8}") = "DefaultPlugins", "DefaultPlugins", "{4423B503-1D7B-4801-8EE2-3E8E460826D8}"
EndProject
Project("{2150E333-8FDC-42A3-9474-1A3956D46DE8}") = "AdditionalPlugins", "AdditionalPlugins", "{9CB88505-95D8-4728-A77A-7353E3A61161}"
EndProject
Project("{FAE04EC0-301F-11D3-BF4B-00C04F79EFBC}") = "MapleMagic", "Mystique\MapleMagic\MapleMagic.csproj", "{869D104E-DFB1-453E-87AE-AAACF405B41A}"
EndProject
Project("{FAE04EC0-301F-11D3-BF4B-00C04F79EFBC}") = "SookIkemen", "Mystique\SookIkemen\SookIkemen.csproj", "{68FCFA6A-199C-4FAF-8E61-972934DA2CC4}"
EndProject
Global
	GlobalSection(SolutionConfigurationPlatforms) = preSolution
		Debug|Any CPU = Debug|Any CPU
		Debug|Mixed Platforms = Debug|Mixed Platforms
		Debug|x64 = Debug|x64
		Debug|x86 = Debug|x86
		Release|Any CPU = Release|Any CPU
		Release|Mixed Platforms = Release|Mixed Platforms
		Release|x64 = Release|x64
		Release|x86 = Release|x86
	EndGlobalSection
	GlobalSection(ProjectConfigurationPlatforms) = postSolution
		{650846EF-6508-4CC3-AD63-457F2D27833E}.Debug|Any CPU.ActiveCfg = Debug|Any CPU
		{650846EF-6508-4CC3-AD63-457F2D27833E}.Debug|Any CPU.Build.0 = Debug|Any CPU
		{650846EF-6508-4CC3-AD63-457F2D27833E}.Debug|Mixed Platforms.ActiveCfg = Debug|Any CPU
		{650846EF-6508-4CC3-AD63-457F2D27833E}.Debug|Mixed Platforms.Build.0 = Debug|Any CPU
		{650846EF-6508-4CC3-AD63-457F2D27833E}.Debug|x64.ActiveCfg = Debug|Any CPU
		{650846EF-6508-4CC3-AD63-457F2D27833E}.Debug|x86.ActiveCfg = Debug|Any CPU
		{650846EF-6508-4CC3-AD63-457F2D27833E}.Release|Any CPU.ActiveCfg = Release|Any CPU
		{650846EF-6508-4CC3-AD63-457F2D27833E}.Release|Any CPU.Build.0 = Release|Any CPU
		{650846EF-6508-4CC3-AD63-457F2D27833E}.Release|Mixed Platforms.ActiveCfg = Release|Any CPU
		{650846EF-6508-4CC3-AD63-457F2D27833E}.Release|Mixed Platforms.Build.0 = Release|Any CPU
		{650846EF-6508-4CC3-AD63-457F2D27833E}.Release|x64.ActiveCfg = Release|Any CPU
		{650846EF-6508-4CC3-AD63-457F2D27833E}.Release|x86.ActiveCfg = Release|Any CPU
		{9E55F0C5-D9AE-46E7-86CD-32AAC79F7C69}.Debug|Any CPU.ActiveCfg = Debug|Any CPU
		{9E55F0C5-D9AE-46E7-86CD-32AAC79F7C69}.Debug|Any CPU.Build.0 = Debug|Any CPU
		{9E55F0C5-D9AE-46E7-86CD-32AAC79F7C69}.Debug|Mixed Platforms.ActiveCfg = Debug|Any CPU
		{9E55F0C5-D9AE-46E7-86CD-32AAC79F7C69}.Debug|Mixed Platforms.Build.0 = Debug|Any CPU
		{9E55F0C5-D9AE-46E7-86CD-32AAC79F7C69}.Debug|x64.ActiveCfg = Debug|x86
		{9E55F0C5-D9AE-46E7-86CD-32AAC79F7C69}.Debug|x86.ActiveCfg = Debug|x86
		{9E55F0C5-D9AE-46E7-86CD-32AAC79F7C69}.Debug|x86.Build.0 = Debug|x86
		{9E55F0C5-D9AE-46E7-86CD-32AAC79F7C69}.Release|Any CPU.ActiveCfg = Release|Any CPU
		{9E55F0C5-D9AE-46E7-86CD-32AAC79F7C69}.Release|Any CPU.Build.0 = Release|Any CPU
		{9E55F0C5-D9AE-46E7-86CD-32AAC79F7C69}.Release|Mixed Platforms.ActiveCfg = Release|Any CPU
		{9E55F0C5-D9AE-46E7-86CD-32AAC79F7C69}.Release|Mixed Platforms.Build.0 = Release|Any CPU
		{9E55F0C5-D9AE-46E7-86CD-32AAC79F7C69}.Release|x64.ActiveCfg = Release|x86
		{9E55F0C5-D9AE-46E7-86CD-32AAC79F7C69}.Release|x86.ActiveCfg = Release|x86
		{9E55F0C5-D9AE-46E7-86CD-32AAC79F7C69}.Release|x86.Build.0 = Release|x86
		{FE3EC1D6-4A61-4E6D-915B-5EED8AE046D2}.Debug|Any CPU.ActiveCfg = Debug|Any CPU
		{FE3EC1D6-4A61-4E6D-915B-5EED8AE046D2}.Debug|Any CPU.Build.0 = Debug|Any CPU
		{FE3EC1D6-4A61-4E6D-915B-5EED8AE046D2}.Debug|Mixed Platforms.ActiveCfg = Debug|Any CPU
		{FE3EC1D6-4A61-4E6D-915B-5EED8AE046D2}.Debug|Mixed Platforms.Build.0 = Debug|Any CPU
		{FE3EC1D6-4A61-4E6D-915B-5EED8AE046D2}.Debug|x64.ActiveCfg = Debug|Any CPU
		{FE3EC1D6-4A61-4E6D-915B-5EED8AE046D2}.Debug|x86.ActiveCfg = Debug|Any CPU
		{FE3EC1D6-4A61-4E6D-915B-5EED8AE046D2}.Release|Any CPU.ActiveCfg = Release|Any CPU
		{FE3EC1D6-4A61-4E6D-915B-5EED8AE046D2}.Release|Any CPU.Build.0 = Release|Any CPU
		{FE3EC1D6-4A61-4E6D-915B-5EED8AE046D2}.Release|Mixed Platforms.ActiveCfg = Release|Any CPU
		{FE3EC1D6-4A61-4E6D-915B-5EED8AE046D2}.Release|Mixed Platforms.Build.0 = Release|Any CPU
		{FE3EC1D6-4A61-4E6D-915B-5EED8AE046D2}.Release|x64.ActiveCfg = Release|Any CPU
		{FE3EC1D6-4A61-4E6D-915B-5EED8AE046D2}.Release|x86.ActiveCfg = Release|Any CPU
		{2E6A1FEF-EDC5-4588-99A0-A70EC237FB28}.Debug|Any CPU.ActiveCfg = Debug|Any CPU
		{2E6A1FEF-EDC5-4588-99A0-A70EC237FB28}.Debug|Any CPU.Build.0 = Debug|Any CPU
		{2E6A1FEF-EDC5-4588-99A0-A70EC237FB28}.Debug|Mixed Platforms.ActiveCfg = Debug|Any CPU
		{2E6A1FEF-EDC5-4588-99A0-A70EC237FB28}.Debug|Mixed Platforms.Build.0 = Debug|Any CPU
		{2E6A1FEF-EDC5-4588-99A0-A70EC237FB28}.Debug|x64.ActiveCfg = Debug|Any CPU
		{2E6A1FEF-EDC5-4588-99A0-A70EC237FB28}.Debug|x86.ActiveCfg = Debug|Any CPU
		{2E6A1FEF-EDC5-4588-99A0-A70EC237FB28}.Release|Any CPU.ActiveCfg = Release|Any CPU
		{2E6A1FEF-EDC5-4588-99A0-A70EC237FB28}.Release|Any CPU.Build.0 = Release|Any CPU
		{2E6A1FEF-EDC5-4588-99A0-A70EC237FB28}.Release|Mixed Platforms.ActiveCfg = Release|Any CPU
		{2E6A1FEF-EDC5-4588-99A0-A70EC237FB28}.Release|Mixed Platforms.Build.0 = Release|Any CPU
		{2E6A1FEF-EDC5-4588-99A0-A70EC237FB28}.Release|x64.ActiveCfg = Release|Any CPU
		{2E6A1FEF-EDC5-4588-99A0-A70EC237FB28}.Release|x86.ActiveCfg = Release|Any CPU
		{B0E2A5B6-420C-4437-B995-9E31149078E6}.Debug|Any CPU.ActiveCfg = Debug|Any CPU
		{B0E2A5B6-420C-4437-B995-9E31149078E6}.Debug|Any CPU.Build.0 = Debug|Any CPU
		{B0E2A5B6-420C-4437-B995-9E31149078E6}.Debug|Mixed Platforms.ActiveCfg = Debug|Any CPU
		{B0E2A5B6-420C-4437-B995-9E31149078E6}.Debug|Mixed Platforms.Build.0 = Debug|Any CPU
		{B0E2A5B6-420C-4437-B995-9E31149078E6}.Debug|x64.ActiveCfg = Debug|Any CPU
		{B0E2A5B6-420C-4437-B995-9E31149078E6}.Debug|x86.ActiveCfg = Debug|Any CPU
		{B0E2A5B6-420C-4437-B995-9E31149078E6}.Release|Any CPU.ActiveCfg = Release|Any CPU
		{B0E2A5B6-420C-4437-B995-9E31149078E6}.Release|Any CPU.Build.0 = Release|Any CPU
		{B0E2A5B6-420C-4437-B995-9E31149078E6}.Release|Mixed Platforms.ActiveCfg = Release|Any CPU
		{B0E2A5B6-420C-4437-B995-9E31149078E6}.Release|Mixed Platforms.Build.0 = Release|Any CPU
		{B0E2A5B6-420C-4437-B995-9E31149078E6}.Release|x64.ActiveCfg = Release|Any CPU
		{B0E2A5B6-420C-4437-B995-9E31149078E6}.Release|x86.ActiveCfg = Release|Any CPU
		{8D33449B-0BD8-4873-B872-0E91FA7EBC4B}.Debug|Any CPU.ActiveCfg = Debug|Any CPU
		{8D33449B-0BD8-4873-B872-0E91FA7EBC4B}.Debug|Any CPU.Build.0 = Debug|Any CPU
		{8D33449B-0BD8-4873-B872-0E91FA7EBC4B}.Debug|Mixed Platforms.ActiveCfg = Debug|Any CPU
		{8D33449B-0BD8-4873-B872-0E91FA7EBC4B}.Debug|Mixed Platforms.Build.0 = Debug|Any CPU
		{8D33449B-0BD8-4873-B872-0E91FA7EBC4B}.Debug|x64.ActiveCfg = Debug|Any CPU
		{8D33449B-0BD8-4873-B872-0E91FA7EBC4B}.Debug|x86.ActiveCfg = Debug|Any CPU
		{8D33449B-0BD8-4873-B872-0E91FA7EBC4B}.Release|Any CPU.ActiveCfg = Release|Any CPU
		{8D33449B-0BD8-4873-B872-0E91FA7EBC4B}.Release|Any CPU.Build.0 = Release|Any CPU
		{8D33449B-0BD8-4873-B872-0E91FA7EBC4B}.Release|Mixed Platforms.ActiveCfg = Release|Any CPU
		{8D33449B-0BD8-4873-B872-0E91FA7EBC4B}.Release|Mixed Platforms.Build.0 = Release|Any CPU
		{8D33449B-0BD8-4873-B872-0E91FA7EBC4B}.Release|x64.ActiveCfg = Release|Any CPU
		{8D33449B-0BD8-4873-B872-0E91FA7EBC4B}.Release|x86.ActiveCfg = Release|Any CPU
		{20980141-A4C3-4094-899F-B20908222DD5}.Debug|Any CPU.ActiveCfg = Debug|x86
		{20980141-A4C3-4094-899F-B20908222DD5}.Debug|Mixed Platforms.ActiveCfg = Debug|x86
		{20980141-A4C3-4094-899F-B20908222DD5}.Debug|Mixed Platforms.Build.0 = Debug|x86
		{20980141-A4C3-4094-899F-B20908222DD5}.Debug|x64.ActiveCfg = Debug|x86
		{20980141-A4C3-4094-899F-B20908222DD5}.Debug|x86.ActiveCfg = Debug|x86
		{20980141-A4C3-4094-899F-B20908222DD5}.Debug|x86.Build.0 = Debug|x86
		{20980141-A4C3-4094-899F-B20908222DD5}.Release|Any CPU.ActiveCfg = Release|x86
		{20980141-A4C3-4094-899F-B20908222DD5}.Release|Mixed Platforms.ActiveCfg = Release|x86
		{20980141-A4C3-4094-899F-B20908222DD5}.Release|Mixed Platforms.Build.0 = Release|x86
		{20980141-A4C3-4094-899F-B20908222DD5}.Release|x64.ActiveCfg = Release|x86
		{20980141-A4C3-4094-899F-B20908222DD5}.Release|x86.ActiveCfg = Release|x86
		{20980141-A4C3-4094-899F-B20908222DD5}.Release|x86.Build.0 = Release|x86
		{C0D0C736-C3A2-4B3E-96FD-9AB53EEDFA91}.Debug|Any CPU.ActiveCfg = Debug|x86
		{C0D0C736-C3A2-4B3E-96FD-9AB53EEDFA91}.Debug|Mixed Platforms.ActiveCfg = Debug|x86
		{C0D0C736-C3A2-4B3E-96FD-9AB53EEDFA91}.Debug|Mixed Platforms.Build.0 = Debug|x86
		{C0D0C736-C3A2-4B3E-96FD-9AB53EEDFA91}.Debug|x64.ActiveCfg = Debug|x86
		{C0D0C736-C3A2-4B3E-96FD-9AB53EEDFA91}.Debug|x86.ActiveCfg = Debug|x86
		{C0D0C736-C3A2-4B3E-96FD-9AB53EEDFA91}.Debug|x86.Build.0 = Debug|x86
		{C0D0C736-C3A2-4B3E-96FD-9AB53EEDFA91}.Release|Any CPU.ActiveCfg = Release|x86
		{C0D0C736-C3A2-4B3E-96FD-9AB53EEDFA91}.Release|Mixed Platforms.ActiveCfg = Release|x86
		{C0D0C736-C3A2-4B3E-96FD-9AB53EEDFA91}.Release|Mixed Platforms.Build.0 = Release|x86
		{C0D0C736-C3A2-4B3E-96FD-9AB53EEDFA91}.Release|x64.ActiveCfg = Release|x86
		{C0D0C736-C3A2-4B3E-96FD-9AB53EEDFA91}.Release|x86.ActiveCfg = Release|x86
		{C0D0C736-C3A2-4B3E-96FD-9AB53EEDFA91}.Release|x86.Build.0 = Release|x86
		{B6342B77-3617-4BD8-A2AE-0E14EF0CFEC7}.Debug|Any CPU.ActiveCfg = Debug|x86
		{B6342B77-3617-4BD8-A2AE-0E14EF0CFEC7}.Debug|Mixed Platforms.ActiveCfg = Debug|x86
		{B6342B77-3617-4BD8-A2AE-0E14EF0CFEC7}.Debug|Mixed Platforms.Build.0 = Debug|x86
		{B6342B77-3617-4BD8-A2AE-0E14EF0CFEC7}.Debug|x64.ActiveCfg = Debug|x86
		{B6342B77-3617-4BD8-A2AE-0E14EF0CFEC7}.Debug|x86.ActiveCfg = Debug|x86
		{B6342B77-3617-4BD8-A2AE-0E14EF0CFEC7}.Debug|x86.Build.0 = Debug|x86
		{B6342B77-3617-4BD8-A2AE-0E14EF0CFEC7}.Release|Any CPU.ActiveCfg = Release|x86
		{B6342B77-3617-4BD8-A2AE-0E14EF0CFEC7}.Release|Mixed Platforms.ActiveCfg = Release|x86
		{B6342B77-3617-4BD8-A2AE-0E14EF0CFEC7}.Release|Mixed Platforms.Build.0 = Release|x86
		{B6342B77-3617-4BD8-A2AE-0E14EF0CFEC7}.Release|x64.ActiveCfg = Release|x86
		{B6342B77-3617-4BD8-A2AE-0E14EF0CFEC7}.Release|x86.ActiveCfg = Release|x86
		{B6342B77-3617-4BD8-A2AE-0E14EF0CFEC7}.Release|x86.Build.0 = Release|x86
		{F30E23D4-02F5-4B99-958D-251B4E853BC9}.Debug|Any CPU.ActiveCfg = Debug|Any CPU
		{F30E23D4-02F5-4B99-958D-251B4E853BC9}.Debug|Any CPU.Build.0 = Debug|Any CPU
		{F30E23D4-02F5-4B99-958D-251B4E853BC9}.Debug|Mixed Platforms.ActiveCfg = Debug|Any CPU
		{F30E23D4-02F5-4B99-958D-251B4E853BC9}.Debug|Mixed Platforms.Build.0 = Debug|Any CPU
		{F30E23D4-02F5-4B99-958D-251B4E853BC9}.Debug|x64.ActiveCfg = Debug|Any CPU
		{F30E23D4-02F5-4B99-958D-251B4E853BC9}.Debug|x86.ActiveCfg = Debug|Any CPU
		{F30E23D4-02F5-4B99-958D-251B4E853BC9}.Release|Any CPU.ActiveCfg = Release|Any CPU
		{F30E23D4-02F5-4B99-958D-251B4E853BC9}.Release|Any CPU.Build.0 = Release|Any CPU
		{F30E23D4-02F5-4B99-958D-251B4E853BC9}.Release|Mixed Platforms.ActiveCfg = Release|Any CPU
		{F30E23D4-02F5-4B99-958D-251B4E853BC9}.Release|Mixed Platforms.Build.0 = Release|Any CPU
		{F30E23D4-02F5-4B99-958D-251B4E853BC9}.Release|x64.ActiveCfg = Release|Any CPU
		{F30E23D4-02F5-4B99-958D-251B4E853BC9}.Release|x86.ActiveCfg = Release|Any CPU
		{869D104E-DFB1-453E-87AE-AAACF405B41A}.Debug|Any CPU.ActiveCfg = Debug|Any CPU
		{869D104E-DFB1-453E-87AE-AAACF405B41A}.Debug|Any CPU.Build.0 = Debug|Any CPU
		{869D104E-DFB1-453E-87AE-AAACF405B41A}.Debug|Mixed Platforms.ActiveCfg = Debug|Any CPU
		{869D104E-DFB1-453E-87AE-AAACF405B41A}.Debug|Mixed Platforms.Build.0 = Debug|Any CPU
		{869D104E-DFB1-453E-87AE-AAACF405B41A}.Debug|x64.ActiveCfg = Debug|Any CPU
		{869D104E-DFB1-453E-87AE-AAACF405B41A}.Debug|x86.ActiveCfg = Debug|Any CPU
		{869D104E-DFB1-453E-87AE-AAACF405B41A}.Release|Any CPU.ActiveCfg = Release|Any CPU
		{869D104E-DFB1-453E-87AE-AAACF405B41A}.Release|Any CPU.Build.0 = Release|Any CPU
		{869D104E-DFB1-453E-87AE-AAACF405B41A}.Release|Mixed Platforms.ActiveCfg = Release|Any CPU
		{869D104E-DFB1-453E-87AE-AAACF405B41A}.Release|Mixed Platforms.Build.0 = Release|Any CPU
		{869D104E-DFB1-453E-87AE-AAACF405B41A}.Release|x64.ActiveCfg = Release|Any CPU
		{869D104E-DFB1-453E-87AE-AAACF405B41A}.Release|x86.ActiveCfg = Release|Any CPU
		{68FCFA6A-199C-4FAF-8E61-972934DA2CC4}.Debug|Any CPU.ActiveCfg = Debug|Any CPU
		{68FCFA6A-199C-4FAF-8E61-972934DA2CC4}.Debug|Any CPU.Build.0 = Debug|Any CPU
		{68FCFA6A-199C-4FAF-8E61-972934DA2CC4}.Debug|Mixed Platforms.ActiveCfg = Debug|Any CPU
		{68FCFA6A-199C-4FAF-8E61-972934DA2CC4}.Debug|Mixed Platforms.Build.0 = Debug|Any CPU
		{68FCFA6A-199C-4FAF-8E61-972934DA2CC4}.Debug|x64.ActiveCfg = Debug|Any CPU
		{68FCFA6A-199C-4FAF-8E61-972934DA2CC4}.Debug|x86.ActiveCfg = Debug|Any CPU
		{68FCFA6A-199C-4FAF-8E61-972934DA2CC4}.Release|Any CPU.ActiveCfg = Release|Any CPU
		{68FCFA6A-199C-4FAF-8E61-972934DA2CC4}.Release|Any CPU.Build.0 = Release|Any CPU
		{68FCFA6A-199C-4FAF-8E61-972934DA2CC4}.Release|Mixed Platforms.ActiveCfg = Release|Any CPU
		{68FCFA6A-199C-4FAF-8E61-972934DA2CC4}.Release|Mixed Platforms.Build.0 = Release|Any CPU
		{68FCFA6A-199C-4FAF-8E61-972934DA2CC4}.Release|x64.ActiveCfg = Release|Any CPU
		{68FCFA6A-199C-4FAF-8E61-972934DA2CC4}.Release|x86.ActiveCfg = Release|Any CPU
	EndGlobalSection
	GlobalSection(SolutionProperties) = preSolution
		HideSolutionNode = FALSE
	EndGlobalSection
	GlobalSection(NestedProjects) = preSolution
		{9E55F0C5-D9AE-46E7-86CD-32AAC79F7C69} = {B302DC73-6CFF-499D-B335-175EF6F92752}
		{FE3EC1D6-4A61-4E6D-915B-5EED8AE046D2} = {B302DC73-6CFF-499D-B335-175EF6F92752}
		{2E6A1FEF-EDC5-4588-99A0-A70EC237FB28} = {B302DC73-6CFF-499D-B335-175EF6F92752}
		{B0E2A5B6-420C-4437-B995-9E31149078E6} = {B302DC73-6CFF-499D-B335-175EF6F92752}
		{8D33449B-0BD8-4873-B872-0E91FA7EBC4B} = {B302DC73-6CFF-499D-B335-175EF6F92752}
		{59B2919B-31D4-4C5E-AB80-A4A099DFDEE8} = {B302DC73-6CFF-499D-B335-175EF6F92752}
		{B6342B77-3617-4BD8-A2AE-0E14EF0CFEC7} = {B302DC73-6CFF-499D-B335-175EF6F92752}
		{4423B503-1D7B-4801-8EE2-3E8E460826D8} = {B302DC73-6CFF-499D-B335-175EF6F92752}
		{9CB88505-95D8-4728-A77A-7353E3A61161} = {B302DC73-6CFF-499D-B335-175EF6F92752}
		{20980141-A4C3-4094-899F-B20908222DD5} = {59B2919B-31D4-4C5E-AB80-A4A099DFDEE8}
		{C0D0C736-C3A2-4B3E-96FD-9AB53EEDFA91} = {59B2919B-31D4-4C5E-AB80-A4A099DFDEE8}
		{F30E23D4-02F5-4B99-958D-251B4E853BC9} = {4423B503-1D7B-4801-8EE2-3E8E460826D8}
		{869D104E-DFB1-453E-87AE-AAACF405B41A} = {9CB88505-95D8-4728-A77A-7353E3A61161}
		{68FCFA6A-199C-4FAF-8E61-972934DA2CC4} = {9CB88505-95D8-4728-A77A-7353E3A61161}
	EndGlobalSection
EndGlobal
